
Microsoft Visual Studio Solution File, Format Version 12.00
# Visual Studio Version 16
VisualStudioVersion = 16.0.31729.503
MinimumVisualStudioVersion = 10.0.40219.1
Project("{FAE04EC0-301F-11D3-BF4B-00C04F79EFBC}") = "Bai22", "Bai22.csproj", "{73C1D7F2-1E73-4421-AD75-40133EDCCBFB}"
EndProject
Global
	GlobalSection(SolutionConfigurationPlatforms) = preSolution
		Debug|Any CPU = Debug|Any CPU
		Release|Any CPU = Release|Any CPU
	EndGlobalSection
	GlobalSection(ProjectConfigurationPlatforms) = postSolution
		{73C1D7F2-1E73-4421-AD75-40133EDCCBFB}.Debug|Any CPU.ActiveCfg = Debug|Any CPU
		{73C1D7F2-1E73-4421-AD75-40133EDCCBFB}.Debug|Any CPU.Build.0 = Debug|Any CPU
		{73C1D7F2-1E73-4421-AD75-40133EDCCBFB}.Release|Any CPU.ActiveCfg = Release|Any CPU
		{73C1D7F2-1E73-4421-AD75-40133EDCCBFB}.Release|Any CPU.Build.0 = Release|Any CPU
	EndGlobalSection
	GlobalSection(SolutionProperties) = preSolution
		HideSolutionNode = FALSE
	EndGlobalSection
	GlobalSection(ExtensibilityGlobals) = postSolution
		SolutionGuid = {FBF4F395-6E83-4BC7-A52D-79E3ADDA6F47}
	EndGlobalSection
EndGlobal
